# This file was autogenerated by Stack.
# You should not edit this file by hand.
# For more information, please see the documentation at:
#   https://docs.haskellstack.org/en/stable/lock_files

packages: []
snapshots:
- completed:
    size: 696616
    url: https://raw.githubusercontent.com/commercialhaskell/stackage-snapshots/master/nightly/2025/10/5.yaml
    sha256: 82333f000711cfae6a3a57e79865252a8c9f7198eb1e8f84377b6e1d67ba7be0
  original: nightly-2025-10-05
